
Microsoft Visual Studio Solution File, Format Version 12.00
Project("{FAE04EC0-301F-11D3-BF4B-00C04F79EFBC}") = "StudentManager", "StudentManager\StudentManager.csproj", "{68F8C626-B4CA-4C1D-9B61-DB6BBB5740CA}"
EndProject
Global
	GlobalSection(SolutionConfigurationPlatforms) = preSolution
		Debug|Any CPU = Debug|Any CPU
		Release|Any CPU = Release|Any CPU
	EndGlobalSection
	GlobalSection(ProjectConfigurationPlatforms) = postSolution
		{68F8C626-B4CA-4C1D-9B61-DB6BBB5740CA}.Debug|Any CPU.ActiveCfg = Debug|Any CPU
		{68F8C626-B4CA-4C1D-9B61-DB6BBB5740CA}.Debug|Any CPU.Build.0 = Debug|Any CPU
		{68F8C626-B4CA-4C1D-9B61-DB6BBB5740CA}.Release|Any CPU.ActiveCfg = Release|Any CPU
		{68F8C626-B4CA-4C1D-9B61-DB6BBB5740CA}.Release|Any CPU.Build.0 = Release|Any CPU
	EndGlobalSection
EndGlobal
